
Microsoft Visual Studio Solution File, Format Version 12.00
# Visual Studio Version 16
VisualStudioVersion = 16.0.29911.84
MinimumVisualStudioVersion = 10.0.40219.1
Project("{FAE04EC0-301F-11D3-BF4B-00C04F79EFBC}") = "Semana05", "Semana05\Semana05.csproj", "{B23E2E47-0625-4027-A57F-EABBCA7D56B3}"
EndProject
Project("{FAE04EC0-301F-11D3-BF4B-00C04F79EFBC}") = "Data", "Data\Data.csproj", "{171FB4CE-9C4C-4F09-ACA5-351922498846}"
EndProject
Project("{FAE04EC0-301F-11D3-BF4B-00C04F79EFBC}") = "Entity", "Entity\Entity.csproj", "{A4C0F4B3-2FE1-401E-87B0-0E339AC6070E}"
EndProject
Project("{FAE04EC0-301F-11D3-BF4B-00C04F79EFBC}") = "Business", "Business\Business.csproj", "{C48E9A1C-AF21-4638-B831-BF57A6CEFCE1}"
EndProject
Global
	GlobalSection(SolutionConfigurationPlatforms) = preSolution
		Debug|Any CPU = Debug|Any CPU
		Release|Any CPU = Release|Any CPU
	EndGlobalSection
	GlobalSection(ProjectConfigurationPlatforms) = postSolution
		{B23E2E47-0625-4027-A57F-EABBCA7D56B3}.Debug|Any CPU.ActiveCfg = Debug|Any CPU
		{B23E2E47-0625-4027-A57F-EABBCA7D56B3}.Debug|Any CPU.Build.0 = Debug|Any CPU
		{B23E2E47-0625-4027-A57F-EABBCA7D56B3}.Release|Any CPU.ActiveCfg = Release|Any CPU
		{B23E2E47-0625-4027-A57F-EABBCA7D56B3}.Release|Any CPU.Build.0 = Release|Any CPU
		{171FB4CE-9C4C-4F09-ACA5-351922498846}.Debug|Any CPU.ActiveCfg = Debug|Any CPU
		{171FB4CE-9C4C-4F09-ACA5-351922498846}.Debug|Any CPU.Build.0 = Debug|Any CPU
		{171FB4CE-9C4C-4F09-ACA5-351922498846}.Release|Any CPU.ActiveCfg = Release|Any CPU
		{171FB4CE-9C4C-4F09-ACA5-351922498846}.Release|Any CPU.Build.0 = Release|Any CPU
		{A4C0F4B3-2FE1-401E-87B0-0E339AC6070E}.Debug|Any CPU.ActiveCfg = Debug|Any CPU
		{A4C0F4B3-2FE1-401E-87B0-0E339AC6070E}.Debug|Any CPU.Build.0 = Debug|Any CPU
		{A4C0F4B3-2FE1-401E-87B0-0E339AC6070E}.Release|Any CPU.ActiveCfg = Release|Any CPU
		{A4C0F4B3-2FE1-401E-87B0-0E339AC6070E}.Release|Any CPU.Build.0 = Release|Any CPU
		{C48E9A1C-AF21-4638-B831-BF57A6CEFCE1}.Debug|Any CPU.ActiveCfg = Debug|Any CPU
		{C48E9A1C-AF21-4638-B831-BF57A6CEFCE1}.Debug|Any CPU.Build.0 = Debug|Any CPU
		{C48E9A1C-AF21-4638-B831-BF57A6CEFCE1}.Release|Any CPU.ActiveCfg = Release|Any CPU
		{C48E9A1C-AF21-4638-B831-BF57A6CEFCE1}.Release|Any CPU.Build.0 = Release|Any CPU
	EndGlobalSection
	GlobalSection(SolutionProperties) = preSolution
		HideSolutionNode = FALSE
	EndGlobalSection
	GlobalSection(ExtensibilityGlobals) = postSolution
		SolutionGuid = {FBF6526A-77F9-4F2B-9A52-8F174A156FE0}
	EndGlobalSection
EndGlobal
